
Microsoft Visual Studio Solution File, Format Version 12.00
# Visual Studio Version 17
VisualStudioVersion = 17.2.32630.192
MinimumVisualStudioVersion = 10.0.40219.1
Project("{FAE04EC0-301F-11D3-BF4B-00C04F79EFBC}") = "KT_GK", "KT_GK\KT_GK.csproj", "{B7779187-7C3D-4BEC-8A50-4D63A3223D42}"
EndProject
Global
	GlobalSection(SolutionConfigurationPlatforms) = preSolution
		Debug|Any CPU = Debug|Any CPU
		Release|Any CPU = Release|Any CPU
	EndGlobalSection
	GlobalSection(ProjectConfigurationPlatforms) = postSolution
		{B7779187-7C3D-4BEC-8A50-4D63A3223D42}.Debug|Any CPU.ActiveCfg = Debug|Any CPU
		{B7779187-7C3D-4BEC-8A50-4D63A3223D42}.Debug|Any CPU.Build.0 = Debug|Any CPU
		{B7779187-7C3D-4BEC-8A50-4D63A3223D42}.Release|Any CPU.ActiveCfg = Release|Any CPU
		{B7779187-7C3D-4BEC-8A50-4D63A3223D42}.Release|Any CPU.Build.0 = Release|Any CPU
	EndGlobalSection
	GlobalSection(SolutionProperties) = preSolution
		HideSolutionNode = FALSE
	EndGlobalSection
	GlobalSection(ExtensibilityGlobals) = postSolution
		SolutionGuid = {D2444375-9BE5-4C2E-B9C2-8DD55D2B2EE3}
	EndGlobalSection
EndGlobal
